
Microsoft Visual Studio Solution File, Format Version 12.00
# Visual Studio Version 16
VisualStudioVersion = 16.0.31321.278
MinimumVisualStudioVersion = 10.0.40219.1
Project("{FAE04EC0-301F-11D3-BF4B-00C04F79EFBC}") = "ShootingMobile.Android", "ShootingMobile.Android\ShootingMobile.Android.csproj", "{A689E6D1-F295-4F13-AFD5-21FA3CC864C8}"
EndProject
Project("{FAE04EC0-301F-11D3-BF4B-00C04F79EFBC}") = "ShootingMobile.iOS", "ShootingMobile.iOS\ShootingMobile.iOS.csproj", "{A4053F94-6E41-49F1-AD80-2619CEB9C312}"
EndProject
Project("{9A19103F-16F7-4668-BE54-9A1E7A4F7556}") = "ShootingMobile", "ShootingMobile\ShootingMobile.csproj", "{34715FEB-FD8D-495A-BDB5-E57682E428A0}"
EndProject
Global
	GlobalSection(SolutionConfigurationPlatforms) = preSolution
		Debug|Any CPU = Debug|Any CPU
		Debug|iPhone = Debug|iPhone
		Debug|iPhoneSimulator = Debug|iPhoneSimulator
		Release|Any CPU = Release|Any CPU
		Release|iPhone = Release|iPhone
		Release|iPhoneSimulator = Release|iPhoneSimulator
	EndGlobalSection
	GlobalSection(ProjectConfigurationPlatforms) = postSolution
		{A689E6D1-F295-4F13-AFD5-21FA3CC864C8}.Debug|Any CPU.ActiveCfg = Debug|Any CPU
		{A689E6D1-F295-4F13-AFD5-21FA3CC864C8}.Debug|Any CPU.Build.0 = Debug|Any CPU
		{A689E6D1-F295-4F13-AFD5-21FA3CC864C8}.Debug|Any CPU.Deploy.0 = Debug|Any CPU
		{A689E6D1-F295-4F13-AFD5-21FA3CC864C8}.Debug|iPhone.ActiveCfg = Debug|Any CPU
		{A689E6D1-F295-4F13-AFD5-21FA3CC864C8}.Debug|iPhone.Build.0 = Debug|Any CPU
		{A689E6D1-F295-4F13-AFD5-21FA3CC864C8}.Debug|iPhone.Deploy.0 = Debug|Any CPU
		{A689E6D1-F295-4F13-AFD5-21FA3CC864C8}.Debug|iPhoneSimulator.ActiveCfg = Debug|Any CPU
		{A689E6D1-F295-4F13-AFD5-21FA3CC864C8}.Debug|iPhoneSimulator.Build.0 = Debug|Any CPU
		{A689E6D1-F295-4F13-AFD5-21FA3CC864C8}.Debug|iPhoneSimulator.Deploy.0 = Debug|Any CPU
		{A689E6D1-F295-4F13-AFD5-21FA3CC864C8}.Release|Any CPU.ActiveCfg = Release|Any CPU
		{A689E6D1-F295-4F13-AFD5-21FA3CC864C8}.Release|Any CPU.Build.0 = Release|Any CPU
		{A689E6D1-F295-4F13-AFD5-21FA3CC864C8}.Release|Any CPU.Deploy.0 = Release|Any CPU
		{A689E6D1-F295-4F13-AFD5-21FA3CC864C8}.Release|iPhone.ActiveCfg = Release|Any CPU
		{A689E6D1-F295-4F13-AFD5-21FA3CC864C8}.Release|iPhone.Build.0 = Release|Any CPU
		{A689E6D1-F295-4F13-AFD5-21FA3CC864C8}.Release|iPhone.Deploy.0 = Release|Any CPU
		{A689E6D1-F295-4F13-AFD5-21FA3CC864C8}.Release|iPhoneSimulator.ActiveCfg = Release|Any CPU
		{A689E6D1-F295-4F13-AFD5-21FA3CC864C8}.Release|iPhoneSimulator.Build.0 = Release|Any CPU
		{A689E6D1-F295-4F13-AFD5-21FA3CC864C8}.Release|iPhoneSimulator.Deploy.0 = Release|Any CPU
		{A4053F94-6E41-49F1-AD80-2619CEB9C312}.Debug|Any CPU.ActiveCfg = Debug|iPhone
		{A4053F94-6E41-49F1-AD80-2619CEB9C312}.Debug|Any CPU.Build.0 = Debug|iPhone
		{A4053F94-6E41-49F1-AD80-2619CEB9C312}.Debug|Any CPU.Deploy.0 = Debug|iPhone
		{A4053F94-6E41-49F1-AD80-2619CEB9C312}.Debug|iPhone.ActiveCfg = Debug|iPhone
		{A4053F94-6E41-49F1-AD80-2619CEB9C312}.Debug|iPhone.Build.0 = Debug|iPhone
		{A4053F94-6E41-49F1-AD80-2619CEB9C312}.Debug|iPhone.Deploy.0 = Debug|iPhone
		{A4053F94-6E41-49F1-AD80-2619CEB9C312}.Debug|iPhoneSimulator.ActiveCfg = Debug|iPhoneSimulator
		{A4053F94-6E41-49F1-AD80-2619CEB9C312}.Debug|iPhoneSimulator.Build.0 = Debug|iPhoneSimulator
		{A4053F94-6E41-49F1-AD80-2619CEB9C312}.Debug|iPhoneSimulator.Deploy.0 = Debug|iPhoneSimulator
		{A4053F94-6E41-49F1-AD80-2619CEB9C312}.Release|Any CPU.ActiveCfg = Release|iPhoneSimulator
		{A4053F94-6E41-49F1-AD80-2619CEB9C312}.Release|Any CPU.Build.0 = Release|iPhoneSimulator
		{A4053F94-6E41-49F1-AD80-2619CEB9C312}.Release|Any CPU.Deploy.0 = Release|iPhoneSimulator
		{A4053F94-6E41-49F1-AD80-2619CEB9C312}.Release|iPhone.ActiveCfg = Release|iPhone
		{A4053F94-6E41-49F1-AD80-2619CEB9C312}.Release|iPhone.Build.0 = Release|iPhone
		{A4053F94-6E41-49F1-AD80-2619CEB9C312}.Release|iPhone.Deploy.0 = Release|iPhone
		{A4053F94-6E41-49F1-AD80-2619CEB9C312}.Release|iPhoneSimulator.ActiveCfg = Release|iPhoneSimulator
		{A4053F94-6E41-49F1-AD80-2619CEB9C312}.Release|iPhoneSimulator.Build.0 = Release|iPhoneSimulator
		{A4053F94-6E41-49F1-AD80-2619CEB9C312}.Release|iPhoneSimulator.Deploy.0 = Release|iPhoneSimulator
		{34715FEB-FD8D-495A-BDB5-E57682E428A0}.Debug|Any CPU.ActiveCfg = Debug|Any CPU
		{34715FEB-FD8D-495A-BDB5-E57682E428A0}.Debug|Any CPU.Build.0 = Debug|Any CPU
		{34715FEB-FD8D-495A-BDB5-E57682E428A0}.Debug|Any CPU.Deploy.0 = Debug|Any CPU
		{34715FEB-FD8D-495A-BDB5-E57682E428A0}.Debug|iPhone.ActiveCfg = Debug|Any CPU
		{34715FEB-FD8D-495A-BDB5-E57682E428A0}.Debug|iPhone.Build.0 = Debug|Any CPU
		{34715FEB-FD8D-495A-BDB5-E57682E428A0}.Debug|iPhone.Deploy.0 = Debug|Any CPU
		{34715FEB-FD8D-495A-BDB5-E57682E428A0}.Debug|iPhoneSimulator.ActiveCfg = Debug|Any CPU
		{34715FEB-FD8D-495A-BDB5-E57682E428A0}.Debug|iPhoneSimulator.Build.0 = Debug|Any CPU
		{34715FEB-FD8D-495A-BDB5-E57682E428A0}.Debug|iPhoneSimulator.Deploy.0 = Debug|Any CPU
		{34715FEB-FD8D-495A-BDB5-E57682E428A0}.Release|Any CPU.ActiveCfg = Release|Any CPU
		{34715FEB-FD8D-495A-BDB5-E57682E428A0}.Release|Any CPU.Build.0 = Release|Any CPU
		{34715FEB-FD8D-495A-BDB5-E57682E428A0}.Release|Any CPU.Deploy.0 = Release|Any CPU
		{34715FEB-FD8D-495A-BDB5-E57682E428A0}.Release|iPhone.ActiveCfg = Release|Any CPU
		{34715FEB-FD8D-495A-BDB5-E57682E428A0}.Release|iPhone.Build.0 = Release|Any CPU
		{34715FEB-FD8D-495A-BDB5-E57682E428A0}.Release|iPhone.Deploy.0 = Release|Any CPU
		{34715FEB-FD8D-495A-BDB5-E57682E428A0}.Release|iPhoneSimulator.ActiveCfg = Release|Any CPU
		{34715FEB-FD8D-495A-BDB5-E57682E428A0}.Release|iPhoneSimulator.Build.0 = Release|Any CPU
		{34715FEB-FD8D-495A-BDB5-E57682E428A0}.Release|iPhoneSimulator.Deploy.0 = Release|Any CPU
	EndGlobalSection
	GlobalSection(SolutionProperties) = preSolution
		HideSolutionNode = FALSE
	EndGlobalSection
	GlobalSection(ExtensibilityGlobals) = postSolution
		SolutionGuid = {D6512695-84D4-43D4-8049-338F06555029}
	EndGlobalSection
EndGlobal
